// !$*UTF8*$!
{
	archiveVersion = 1;
	classes = {
	};
	objectVersion = 56;
	objects = {

/* Begin PBXBuildFile section */
		1D12F4EE2A6573E800550CF9 /* NetworkManager.swift in Sources */ = {isa = PBXBuildFile; fileRef = 1D12F4ED2A6573E800550CF9 /* NetworkManager.swift */; };
		1D1E5CB92A6574D1002A892B /* Astronaut.swift in Sources */ = {isa = PBXBuildFile; fileRef = 1D1E5CB82A6574D1002A892B /* Astronaut.swift */; };
		1D6C4FEE2A6671CC0084376C /* AstronautsTableViewController.swift in Sources */ = {isa = PBXBuildFile; fileRef = 1D6C4FED2A6671CC0084376C /* AstronautsTableViewController.swift */; };
		1D6C4FF12A6697A80084376C /* AstronautsCustomTableView.swift in Sources */ = {isa = PBXBuildFile; fileRef = 1D6C4FF02A6697A80084376C /* AstronautsCustomTableView.swift */; };
		1DCF5ADE2A5FFF570074EBCB /* AppDelegate.swift in Sources */ = {isa = PBXBuildFile; fileRef = 1DCF5ADD2A5FFF570074EBCB /* AppDelegate.swift */; };
		1DCF5AE02A5FFF570074EBCB /* SceneDelegate.swift in Sources */ = {isa = PBXBuildFile; fileRef = 1DCF5ADF2A5FFF570074EBCB /* SceneDelegate.swift */; };
		1DCF5AE22A5FFF570074EBCB /* PeopleInSpaceViewController.swift in Sources */ = {isa = PBXBuildFile; fileRef = 1DCF5AE12A5FFF570074EBCB /* PeopleInSpaceViewController.swift */; };
		1DCF5AE52A5FFF570074EBCB /* Main.storyboard in Resources */ = {isa = PBXBuildFile; fileRef = 1DCF5AE32A5FFF570074EBCB /* Main.storyboard */; };
		1DCF5AEA2A5FFF570074EBCB /* LaunchScreen.storyboard in Resources */ = {isa = PBXBuildFile; fileRef = 1DCF5AE82A5FFF570074EBCB /* LaunchScreen.storyboard */; };
		1DE1F9652A66AF220094AB58 /* Assets.xcassets in Resources */ = {isa = PBXBuildFile; fileRef = 1DE1F9642A66AF220094AB58 /* Assets.xcassets */; };
/* End PBXBuildFile section */

/* Begin PBXFileReference section */
		1D12F4ED2A6573E800550CF9 /* NetworkManager.swift */ = {isa = PBXFileReference; lastKnownFileType = sourcecode.swift; path = NetworkManager.swift; sourceTree = "<group>"; };
		1D1E5CB82A6574D1002A892B /* Astronaut.swift */ = {isa = PBXFileReference; lastKnownFileType = sourcecode.swift; path = Astronaut.swift; sourceTree = "<group>"; };
		1D6C4FED2A6671CC0084376C /* AstronautsTableViewController.swift */ = {isa = PBXFileReference; lastKnownFileType = sourcecode.swift; path = AstronautsTableViewController.swift; sourceTree = "<group>"; };
		1D6C4FF02A6697A80084376C /* AstronautsCustomTableView.swift */ = {isa = PBXFileReference; lastKnownFileType = sourcecode.swift; path = AstronautsCustomTableView.swift; sourceTree = "<group>"; };
		1DCF5ADA2A5FFF570074EBCB /* AstronautsInSpace.app */ = {isa = PBXFileReference; explicitFileType = wrapper.application; includeInIndex = 0; path = AstronautsInSpace.app; sourceTree = BUILT_PRODUCTS_DIR; };
		1DCF5ADD2A5FFF570074EBCB /* AppDelegate.swift */ = {isa = PBXFileReference; lastKnownFileType = sourcecode.swift; path = AppDelegate.swift; sourceTree = "<group>"; };
		1DCF5ADF2A5FFF570074EBCB /* SceneDelegate.swift */ = {isa = PBXFileReference; lastKnownFileType = sourcecode.swift; path = SceneDelegate.swift; sourceTree = "<group>"; };
		1DCF5AE12A5FFF570074EBCB /* PeopleInSpaceViewController.swift */ = {isa = PBXFileReference; lastKnownFileType = sourcecode.swift; path = PeopleInSpaceViewController.swift; sourceTree = "<group>"; };
		1DCF5AE42A5FFF570074EBCB /* Base */ = {isa = PBXFileReference; lastKnownFileType = file.storyboard; name = Base; path = Base.lproj/Main.storyboard; sourceTree = "<group>"; };
		1DCF5AE92A5FFF570074EBCB /* Base */ = {isa = PBXFileReference; lastKnownFileType = file.storyboard; name = Base; path = Base.lproj/LaunchScreen.storyboard; sourceTree = "<group>"; };
		1DCF5AEB2A5FFF570074EBCB /* Info.plist */ = {isa = PBXFileReference; lastKnownFileType = text.plist.xml; path = Info.plist; sourceTree = "<group>"; };
		1DE1F9642A66AF220094AB58 /* Assets.xcassets */ = {isa = PBXFileReference; lastKnownFileType = folder.assetcatalog; path = Assets.xcassets; sourceTree = "<group>"; };
/* End PBXFileReference section */

/* Begin PBXFrameworksBuildPhase section */
		1DCF5AD72A5FFF570074EBCB /* Frameworks */ = {
			isa = PBXFrameworksBuildPhase;
			buildActionMask = 2147483647;
			files = (
			);
			runOnlyForDeploymentPostprocessing = 0;
		};
/* End PBXFrameworksBuildPhase section */

/* Begin PBXGroup section */
		1D12F4EB2A6573CF00550CF9 /* Services */ = {
			isa = PBXGroup;
			children = (
				1D12F4ED2A6573E800550CF9 /* NetworkManager.swift */,
			);
			path = Services;
			sourceTree = "<group>";
		};
		1D12F4EC2A6573D900550CF9 /* Models */ = {
			isa = PBXGroup;
			children = (
				1D1E5CB82A6574D1002A892B /* Astronaut.swift */,
			);
			path = Models;
			sourceTree = "<group>";
		};
		1D6C4FEF2A66976B0084376C /* Views */ = {
			isa = PBXGroup;
			children = (
				1D6C4FF02A6697A80084376C /* AstronautsCustomTableView.swift */,
			);
			path = Views;
			sourceTree = "<group>";
		};
		1DCF5AD12A5FFF570074EBCB = {
			isa = PBXGroup;
			children = (
				1DCF5ADC2A5FFF570074EBCB /* AstronautsInSpace */,
				1DCF5ADB2A5FFF570074EBCB /* Products */,
			);
			sourceTree = "<group>";
		};
		1DCF5ADB2A5FFF570074EBCB /* Products */ = {
			isa = PBXGroup;
			children = (
				1DCF5ADA2A5FFF570074EBCB /* AstronautsInSpace.app */,
			);
			name = Products;
			sourceTree = "<group>";
		};
		1DCF5ADC2A5FFF570074EBCB /* AstronautsInSpace */ = {
			isa = PBXGroup;
			children = (
				1D6C4FEF2A66976B0084376C /* Views */,
				1DCF5AF12A5FFF8E0074EBCB /* ViewControllers */,
				1D12F4EB2A6573CF00550CF9 /* Services */,
				1D12F4EC2A6573D900550CF9 /* Models */,
				1DCF5AF42A5FFFD30074EBCB /* Resources */,
				1DCF5AF22A5FFF9B0074EBCB /* Storyboard */,
				1DCF5AF32A5FFFC80074EBCB /* App */,
			);
			path = AstronautsInSpace;
			sourceTree = "<group>";
		};
		1DCF5AF12A5FFF8E0074EBCB /* ViewControllers */ = {
			isa = PBXGroup;
			children = (
				1DCF5AE12A5FFF570074EBCB /* PeopleInSpaceViewController.swift */,
				1D6C4FED2A6671CC0084376C /* AstronautsTableViewController.swift */,
			);
			path = ViewControllers;
			sourceTree = "<group>";
		};
		1DCF5AF22A5FFF9B0074EBCB /* Storyboard */ = {
			isa = PBXGroup;
			children = (
				1DCF5AE32A5FFF570074EBCB /* Main.storyboard */,
				1DCF5AE82A5FFF570074EBCB /* LaunchScreen.storyboard */,
			);
			path = Storyboard;
			sourceTree = "<group>";
		};
		1DCF5AF32A5FFFC80074EBCB /* App */ = {
			isa = PBXGroup;
			children = (
				1DCF5ADD2A5FFF570074EBCB /* AppDelegate.swift */,
				1DCF5ADF2A5FFF570074EBCB /* SceneDelegate.swift */,
				1DCF5AEB2A5FFF570074EBCB /* Info.plist */,
			);
			path = App;
			sourceTree = "<group>";
		};
		1DCF5AF42A5FFFD30074EBCB /* Resources */ = {
			isa = PBXGroup;
			children = (
				1DE1F9642A66AF220094AB58 /* Assets.xcassets */,
			);
			path = Resources;
			sourceTree = "<group>";
		};
/* End PBXGroup section */

/* Begin PBXNativeTarget section */
		1DCF5AD92A5FFF570074EBCB /* NetworkingHW */ = {
			isa = PBXNativeTarget;
			buildConfigurationList = 1DCF5AEE2A5FFF570074EBCB /* Build configuration list for PBXNativeTarget "NetworkingHW" */;
			buildPhases = (
				1DCF5AD62A5FFF570074EBCB /* Sources */,
				1DCF5AD72A5FFF570074EBCB /* Frameworks */,
				1DCF5AD82A5FFF570074EBCB /* Resources */,
			);
			buildRules = (
			);
			dependencies = (
			);
			name = NetworkingHW;
			productName = NetworkingHW;
			productReference = 1DCF5ADA2A5FFF570074EBCB /* AstronautsInSpace.app */;
			productType = "com.apple.product-type.application";
		};
/* End PBXNativeTarget section */

/* Begin PBXProject section */
		1DCF5AD22A5FFF570074EBCB /* Project object */ = {
			isa = PBXProject;
			attributes = {
				BuildIndependentTargetsInParallel = 1;
				LastSwiftUpdateCheck = 1430;
				LastUpgradeCheck = 1430;
				TargetAttributes = {
					1DCF5AD92A5FFF570074EBCB = {
						CreatedOnToolsVersion = 14.3.1;
					};
				};
			};
			buildConfigurationList = 1DCF5AD52A5FFF570074EBCB /* Build configuration list for PBXProject "AstronautsInSpace" */;
			compatibilityVersion = "Xcode 14.0";
			developmentRegion = en;
			hasScannedForEncodings = 0;
			knownRegions = (
				en,
				Base,
			);
			mainGroup = 1DCF5AD12A5FFF570074EBCB;
			productRefGroup = 1DCF5ADB2A5FFF570074EBCB /* Products */;
			projectDirPath = "";
			projectRoot = "";
			targets = (
				1DCF5AD92A5FFF570074EBCB /* NetworkingHW */,
			);
		};
/* End PBXProject section */

/* Begin PBXResourcesBuildPhase section */
		1DCF5AD82A5FFF570074EBCB /* Resources */ = {
			isa = PBXResourcesBuildPhase;
			buildActionMask = 2147483647;
			files = (
				1DCF5AEA2A5FFF570074EBCB /* LaunchScreen.storyboard in Resources */,
				1DE1F9652A66AF220094AB58 /* Assets.xcassets in Resources */,
				1DCF5AE52A5FFF570074EBCB /* Main.storyboard in Resources */,
			);
			runOnlyForDeploymentPostprocessing = 0;
		};
/* End PBXResourcesBuildPhase section */

/* Begin PBXSourcesBuildPhase section */
		1DCF5AD62A5FFF570074EBCB /* Sources */ = {
			isa = PBXSourcesBuildPhase;
			buildActionMask = 2147483647;
			files = (
				1D12F4EE2A6573E800550CF9 /* NetworkManager.swift in Sources */,
				1D6C4FEE2A6671CC0084376C /* AstronautsTableViewController.swift in Sources */,
				1DCF5AE22A5FFF570074EBCB /* PeopleInSpaceViewController.swift in Sources */,
				1D1E5CB92A6574D1002A892B /* Astronaut.swift in Sources */,
				1D6C4FF12A6697A80084376C /* AstronautsCustomTableView.swift in Sources */,
				1DCF5ADE2A5FFF570074EBCB /* AppDelegate.swift in Sources */,
				1DCF5AE02A5FFF570074EBCB /* SceneDelegate.swift in Sources */,
			);
			runOnlyForDeploymentPostprocessing = 0;
		};
/* End PBXSourcesBuildPhase section */

/* Begin PBXVariantGroup section */
		1DCF5AE32A5FFF570074EBCB /* Main.storyboard */ = {
			isa = PBXVariantGroup;
			children = (
				1DCF5AE42A5FFF570074EBCB /* Base */,
			);
			name = Main.storyboard;
			sourceTree = "<group>";
		};
		1DCF5AE82A5FFF570074EBCB /* LaunchScreen.storyboard */ = {
			isa = PBXVariantGroup;
			children = (
				1DCF5AE92A5FFF570074EBCB /* Base */,
			);
			name = LaunchScreen.storyboard;
			sourceTree = "<group>";
		};
/* End PBXVariantGroup section */

/* Begin XCBuildConfiguration section */
		1DCF5AEC2A5FFF570074EBCB /* Debug */ = {
			isa = XCBuildConfiguration;
			buildSettings = {
				ALWAYS_SEARCH_USER_PATHS = NO;
				CLANG_ANALYZER_NONNULL = YES;
				CLANG_ANALYZER_NUMBER_OBJECT_CONVERSION = YES_AGGRESSIVE;
				CLANG_CXX_LANGUAGE_STANDARD = "gnu++20";
				CLANG_ENABLE_MODULES = YES;
				CLANG_ENABLE_OBJC_ARC = YES;
				CLANG_ENABLE_OBJC_WEAK = YES;
				CLANG_WARN_BLOCK_CAPTURE_AUTORELEASING = YES;
				CLANG_WARN_BOOL_CONVERSION = YES;
				CLANG_WARN_COMMA = YES;
				CLANG_WARN_CONSTANT_CONVERSION = YES;
				CLANG_WARN_DEPRECATED_OBJC_IMPLEMENTATIONS = YES;
				CLANG_WARN_DIRECT_OBJC_ISA_USAGE = YES_ERROR;
				CLANG_WARN_DOCUMENTATION_COMMENTS = YES;
				CLANG_WARN_EMPTY_BODY = YES;
				CLANG_WARN_ENUM_CONVERSION = YES;
				CLANG_WARN_INFINITE_RECURSION = YES;
				CLANG_WARN_INT_CONVERSION = YES;
				CLANG_WARN_NON_LITERAL_NULL_CONVERSION = YES;
				CLANG_WARN_OBJC_IMPLICIT_RETAIN_SELF = YES;
				CLANG_WARN_OBJC_LITERAL_CONVERSION = YES;
				CLANG_WARN_OBJC_ROOT_CLASS = YES_ERROR;
				CLANG_WARN_QUOTED_INCLUDE_IN_FRAMEWORK_HEADER = YES;
				CLANG_WARN_RANGE_LOOP_ANALYSIS = YES;
				CLANG_WARN_STRICT_PROTOTYPES = YES;
				CLANG_WARN_SUSPICIOUS_MOVE = YES;
				CLANG_WARN_UNGUARDED_AVAILABILITY = YES_AGGRESSIVE;
				CLANG_WARN_UNREACHABLE_CODE = YES;
				CLANG_WARN__DUPLICATE_METHOD_MATCH = YES;
				COPY_PHASE_STRIP = NO;
				DEBUG_INFORMATION_FORMAT = dwarf;
				ENABLE_STRICT_OBJC_MSGSEND = YES;
				ENABLE_TESTABILITY = YES;
				GCC_C_LANGUAGE_STANDARD = gnu11;
				GCC_DYNAMIC_NO_PIC = NO;
				GCC_NO_COMMON_BLOCKS = YES;
				GCC_OPTIMIZATION_LEVEL = 0;
				GCC_PREPROCESSOR_DEFINITIONS = (
					"DEBUG=1",
					"$(inherited)",
				);
				GCC_WARN_64_TO_32_BIT_CONVERSION = YES;
				GCC_WARN_ABOUT_RETURN_TYPE = YES_ERROR;
				GCC_WARN_UNDECLARED_SELECTOR = YES;
				GCC_WARN_UNINITIALIZED_AUTOS = YES_AGGRESSIVE;
				GCC_WARN_UNUSED_FUNCTION = YES;
				GCC_WARN_UNUSED_VARIABLE = YES;
				IPHONEOS_DEPLOYMENT_TARGET = 16.4;
				MTL_ENABLE_DEBUG_INFO = INCLUDE_SOURCE;
				MTL_FAST_MATH = YES;
				ONLY_ACTIVE_ARCH = YES;
				SDKROOT = iphoneos;
				SWIFT_ACTIVE_COMPILATION_CONDITIONS = DEBUG;
				SWIFT_OPTIMIZATION_LEVEL = "-Onone";
			};
			name = Debug;
		};
		1DCF5AED2A5FFF570074EBCB /* Release */ = {
			isa = XCBuildConfiguration;
			buildSettings = {
				ALWAYS_SEARCH_USER_PATHS = NO;
				CLANG_ANALYZER_NONNULL = YES;
				CLANG_ANALYZER_NUMBER_OBJECT_CONVERSION = YES_AGGRESSIVE;
				CLANG_CXX_LANGUAGE_STANDARD = "gnu++20";
				CLANG_ENABLE_MODULES = YES;
				CLANG_ENABLE_OBJC_ARC = YES;
				CLANG_ENABLE_OBJC_WEAK = YES;
				CLANG_WARN_BLOCK_CAPTURE_AUTORELEASING = YES;
				CLANG_WARN_BOOL_CONVERSION = YES;
				CLANG_WARN_COMMA = YES;
				CLANG_WARN_CONSTANT_CONVERSION = YES;
				CLANG_WARN_DEPRECATED_OBJC_IMPLEMENTATIONS = YES;
				CLANG_WARN_DIRECT_OBJC_ISA_USAGE = YES_ERROR;
				CLANG_WARN_DOCUMENTATION_COMMENTS = YES;
				CLANG_WARN_EMPTY_BODY = YES;
				CLANG_WARN_ENUM_CONVERSION = YES;
				CLANG_WARN_INFINITE_RECURSION = YES;
				CLANG_WARN_INT_CONVERSION = YES;
				CLANG_WARN_NON_LITERAL_NULL_CONVERSION = YES;
				CLANG_WARN_OBJC_IMPLICIT_RETAIN_SELF = YES;
				CLANG_WARN_OBJC_LITERAL_CONVERSION = YES;
				CLANG_WARN_OBJC_ROOT_CLASS = YES_ERROR;
				CLANG_WARN_QUOTED_INCLUDE_IN_FRAMEWORK_HEADER = YES;
				CLANG_WARN_RANGE_LOOP_ANALYSIS = YES;
				CLANG_WARN_STRICT_PROTOTYPES = YES;
				CLANG_WARN_SUSPICIOUS_MOVE = YES;
				CLANG_WARN_UNGUARDED_AVAILABILITY = YES_AGGRESSIVE;
				CLANG_WARN_UNREACHABLE_CODE = YES;
				CLANG_WARN__DUPLICATE_METHOD_MATCH = YES;
				COPY_PHASE_STRIP = NO;
				DEBUG_INFORMATION_FORMAT = "dwarf-with-dsym";
				ENABLE_NS_ASSERTIONS = NO;
				ENABLE_STRICT_OBJC_MSGSEND = YES;
				GCC_C_LANGUAGE_STANDARD = gnu11;
				GCC_NO_COMMON_BLOCKS = YES;
				GCC_WARN_64_TO_32_BIT_CONVERSION = YES;
				GCC_WARN_ABOUT_RETURN_TYPE = YES_ERROR;
				GCC_WARN_UNDECLARED_SELECTOR = YES;
				GCC_WARN_UNINITIALIZED_AUTOS = YES_AGGRESSIVE;
				GCC_WARN_UNUSED_FUNCTION = YES;
				GCC_WARN_UNUSED_VARIABLE = YES;
				IPHONEOS_DEPLOYMENT_TARGET = 16.4;
				MTL_ENABLE_DEBUG_INFO = NO;
				MTL_FAST_MATH = YES;
				SDKROOT = iphoneos;
				SWIFT_COMPILATION_MODE = wholemodule;
				SWIFT_OPTIMIZATION_LEVEL = "-O";
				VALIDATE_PRODUCT = YES;
			};
			name = Release;
		};
		1DCF5AEF2A5FFF570074EBCB /* Debug */ = {
			isa = XCBuildConfiguration;
			buildSettings = {
				ASSETCATALOG_COMPILER_APPICON_NAME = AppIcon;
				ASSETCATALOG_COMPILER_GLOBAL_ACCENT_COLOR_NAME = AccentColor;
				CODE_SIGN_STYLE = Automatic;
				CURRENT_PROJECT_VERSION = 1;
				DEVELOPMENT_TEAM = 6YH8FGYJT9;
				GENERATE_INFOPLIST_FILE = YES;
				INFOPLIST_FILE = AstronautsInSpace/App/Info.plist;
				INFOPLIST_KEY_UIApplicationSupportsIndirectInputEvents = YES;
				INFOPLIST_KEY_UILaunchStoryboardName = LaunchScreen;
				INFOPLIST_KEY_UIMainStoryboardFile = Main;
				INFOPLIST_KEY_UISupportedInterfaceOrientations = UIInterfaceOrientationPortrait;
				INFOPLIST_KEY_UISupportedInterfaceOrientations_iPad = "UIInterfaceOrientationLandscapeLeft UIInterfaceOrientationLandscapeRight UIInterfaceOrientationPortrait UIInterfaceOrientationPortraitUpsideDown";
				IPHONEOS_DEPLOYMENT_TARGET = 15.5;
				LD_RUNPATH_SEARCH_PATHS = (
					"$(inherited)",
					"@executable_path/Frameworks",
				);
				MARKETING_VERSION = 1.0;
				PRODUCT_BUNDLE_IDENTIFIER = com.Hi.AstronautsInSpace;
				PRODUCT_NAME = AstronautsInSpace;
				SUPPORTED_PLATFORMS = "iphoneos iphonesimulator";
				SUPPORTS_MACCATALYST = NO;
				SUPPORTS_MAC_DESIGNED_FOR_IPHONE_IPAD = NO;
				SWIFT_EMIT_LOC_STRINGS = YES;
				SWIFT_VERSION = 5.0;
				TARGETED_DEVICE_FAMILY = 1;
			};
			name = Debug;
		};
		1DCF5AF02A5FFF570074EBCB /* Release */ = {
			isa = XCBuildConfiguration;
			buildSettings = {
				ASSETCATALOG_COMPILER_APPICON_NAME = AppIcon;
				ASSETCATALOG_COMPILER_GLOBAL_ACCENT_COLOR_NAME = AccentColor;
				CODE_SIGN_STYLE = Automatic;
				CURRENT_PROJECT_VERSION = 1;
				DEVELOPMENT_TEAM = 6YH8FGYJT9;
				GENERATE_INFOPLIST_FILE = YES;
				INFOPLIST_FILE = AstronautsInSpace/App/Info.plist;
				INFOPLIST_KEY_UIApplicationSupportsIndirectInputEvents = YES;
				INFOPLIST_KEY_UILaunchStoryboardName = LaunchScreen;
				INFOPLIST_KEY_UIMainStoryboardFile = Main;
				INFOPLIST_KEY_UISupportedInterfaceOrientations = UIInterfaceOrientationPortrait;
				INFOPLIST_KEY_UISupportedInterfaceOrientations_iPad = "UIInterfaceOrientationLandscapeLeft UIInterfaceOrientationLandscapeRight UIInterfaceOrientationPortrait UIInterfaceOrientationPortraitUpsideDown";
				IPHONEOS_DEPLOYMENT_TARGET = 15.5;
				LD_RUNPATH_SEARCH_PATHS = (
					"$(inherited)",
					"@executable_path/Frameworks",
				);
				MARKETING_VERSION = 1.0;
				PRODUCT_BUNDLE_IDENTIFIER = com.Hi.AstronautsInSpace;
				PRODUCT_NAME = AstronautsInSpace;
				SUPPORTED_PLATFORMS = "iphoneos iphonesimulator";
				SUPPORTS_MACCATALYST = NO;
				SUPPORTS_MAC_DESIGNED_FOR_IPHONE_IPAD = NO;
				SWIFT_EMIT_LOC_STRINGS = YES;
				SWIFT_VERSION = 5.0;
				TARGETED_DEVICE_FAMILY = 1;
			};
			name = Release;
		};
/* End XCBuildConfiguration section */

/* Begin XCConfigurationList section */
		1DCF5AD52A5FFF570074EBCB /* Build configuration list for PBXProject "AstronautsInSpace" */ = {
			isa = XCConfigurationList;
			buildConfigurations = (
				1DCF5AEC2A5FFF570074EBCB /* Debug */,
				1DCF5AED2A5FFF570074EBCB /* Release */,
			);
			defaultConfigurationIsVisible = 0;
			defaultConfigurationName = Release;
		};
		1DCF5AEE2A5FFF570074EBCB /* Build configuration list for PBXNativeTarget "NetworkingHW" */ = {
			isa = XCConfigurationList;
			buildConfigurations = (
				1DCF5AEF2A5FFF570074EBCB /* Debug */,
				1DCF5AF02A5FFF570074EBCB /* Release */,
			);
			defaultConfigurationIsVisible = 0;
			defaultConfigurationName = Release;
		};
/* End XCConfigurationList section */
	};
	rootObject = 1DCF5AD22A5FFF570074EBCB /* Project object */;
}
